// !$*UTF8*$!
{
	archiveVersion = 1;
	classes = {
	};
	objectVersion = 46;
	objects = {

/* Begin PBXBuildFile section */
		3710873A1ECE363C00A21229 /* ViewController.swift in Sources */ = {isa = PBXBuildFile; fileRef = 371087391ECE363C00A21229 /* ViewController.swift */; };
		3790F26C1ECE29E00027EDE9 /* AppDelegate.swift in Sources */ = {isa = PBXBuildFile; fileRef = 3790F26B1ECE29E00027EDE9 /* AppDelegate.swift */; };
		3790F2711ECE29E10027EDE9 /* Main.storyboard in Resources */ = {isa = PBXBuildFile; fileRef = 3790F26F1ECE29E10027EDE9 /* Main.storyboard */; };
		3790F2731ECE29E10027EDE9 /* Assets.xcassets in Resources */ = {isa = PBXBuildFile; fileRef = 3790F2721ECE29E10027EDE9 /* Assets.xcassets */; };
		3790F2761ECE29E10027EDE9 /* LaunchScreen.storyboard in Resources */ = {isa = PBXBuildFile; fileRef = 3790F2741ECE29E10027EDE9 /* LaunchScreen.storyboard */; };
/* End PBXBuildFile section */

/* Begin PBXFileReference section */
		371087391ECE363C00A21229 /* ViewController.swift */ = {isa = PBXFileReference; fileEncoding = 4; lastKnownFileType = sourcecode.swift; path = ViewController.swift; sourceTree = "<group>"; };
		3790F2681ECE29E00027EDE9 /* emojidictionary.app */ = {isa = PBXFileReference; explicitFileType = wrapper.application; includeInIndex = 0; path = emojidictionary.app; sourceTree = BUILT_PRODUCTS_DIR; };
		3790F26B1ECE29E00027EDE9 /* AppDelegate.swift */ = {isa = PBXFileReference; lastKnownFileType = sourcecode.swift; path = AppDelegate.swift; sourceTree = "<group>"; };
		3790F2701ECE29E10027EDE9 /* Base */ = {isa = PBXFileReference; lastKnownFileType = file.storyboard; name = Base; path = Base.lproj/Main.storyboard; sourceTree = "<group>"; };
		3790F2721ECE29E10027EDE9 /* Assets.xcassets */ = {isa = PBXFileReference; lastKnownFileType = folder.assetcatalog; path = Assets.xcassets; sourceTree = "<group>"; };
		3790F2751ECE29E10027EDE9 /* Base */ = {isa = PBXFileReference; lastKnownFileType = file.storyboard; name = Base; path = Base.lproj/LaunchScreen.storyboard; sourceTree = "<group>"; };
		3790F2771ECE29E10027EDE9 /* Info.plist */ = {isa = PBXFileReference; lastKnownFileType = text.plist.xml; path = Info.plist; sourceTree = "<group>"; };
/* End PBXFileReference section */

/* Begin PBXFrameworksBuildPhase section */
		3790F2651ECE29E00027EDE9 /* Frameworks */ = {
			isa = PBXFrameworksBuildPhase;
			buildActionMask = 2147483647;
			files = (
			);
			runOnlyForDeploymentPostprocessing = 0;
		};
/* End PBXFrameworksBuildPhase section */

/* Begin PBXGroup section */
		3790F25F1ECE29E00027EDE9 = {
			isa = PBXGroup;
			children = (
				3790F26A1ECE29E00027EDE9 /* emojidictionary */,
				3790F2691ECE29E00027EDE9 /* Products */,
			);
			sourceTree = "<group>";
		};
		3790F2691ECE29E00027EDE9 /* Products */ = {
			isa = PBXGroup;
			children = (
				3790F2681ECE29E00027EDE9 /* emojidictionary.app */,
			);
			name = Products;
			sourceTree = "<group>";
		};
		3790F26A1ECE29E00027EDE9 /* emojidictionary */ = {
			isa = PBXGroup;
			children = (
				371087391ECE363C00A21229 /* ViewController.swift */,
				3790F26B1ECE29E00027EDE9 /* AppDelegate.swift */,
				3790F26F1ECE29E10027EDE9 /* Main.storyboard */,
				3790F2721ECE29E10027EDE9 /* Assets.xcassets */,
				3790F2741ECE29E10027EDE9 /* LaunchScreen.storyboard */,
				3790F2771ECE29E10027EDE9 /* Info.plist */,
			);
			path = emojidictionary;
			sourceTree = "<group>";
		};
/* End PBXGroup section */

/* Begin PBXNativeTarget section */
		3790F2671ECE29E00027EDE9 /* emojidictionary */ = {
			isa = PBXNativeTarget;
			buildConfigurationList = 3790F27A1ECE29E10027EDE9 /* Build configuration list for PBXNativeTarget "emojidictionary" */;
			buildPhases = (
				3790F2641ECE29E00027EDE9 /* Sources */,
				3790F2651ECE29E00027EDE9 /* Frameworks */,
				3790F2661ECE29E00027EDE9 /* Resources */,
			);
			buildRules = (
			);
			dependencies = (
			);
			name = emojidictionary;
			productName = emojidictionary;
			productReference = 3790F2681ECE29E00027EDE9 /* emojidictionary.app */;
			productType = "com.apple.product-type.application";
		};
/* End PBXNativeTarget section */

/* Begin PBXProject section */
		3790F2601ECE29E00027EDE9 /* Project object */ = {
			isa = PBXProject;
			attributes = {
				LastSwiftUpdateCheck = 0830;
				LastUpgradeCheck = 0830;
				ORGANIZATIONNAME = "Toby Zitsman";
				TargetAttributes = {
					3790F2671ECE29E00027EDE9 = {
						CreatedOnToolsVersion = 8.3.2;
						ProvisioningStyle = Automatic;
					};
				};
			};
			buildConfigurationList = 3790F2631ECE29E00027EDE9 /* Build configuration list for PBXProject "emojidictionary" */;
			compatibilityVersion = "Xcode 3.2";
			developmentRegion = English;
			hasScannedForEncodings = 0;
			knownRegions = (
				en,
				Base,
			);
			mainGroup = 3790F25F1ECE29E00027EDE9;
			productRefGroup = 3790F2691ECE29E00027EDE9 /* Products */;
			projectDirPath = "";
			projectRoot = "";
			targets = (
				3790F2671ECE29E00027EDE9 /* emojidictionary */,
			);
		};
/* End PBXProject section */

/* Begin PBXResourcesBuildPhase section */
		3790F2661ECE29E00027EDE9 /* Resources */ = {
			isa = PBXResourcesBuildPhase;
			buildActionMask = 2147483647;
			files = (
				3790F2761ECE29E10027EDE9 /* LaunchScreen.storyboard in Resources */,
				3790F2731ECE29E10027EDE9 /* Assets.xcassets in Resources */,
				3790F2711ECE29E10027EDE9 /* Main.storyboard in Resources */,
			);
			runOnlyForDeploymentPostprocessing = 0;
		};
/* End PBXResourcesBuildPhase section */

/* Begin PBXSourcesBuildPhase section */
		3790F2641ECE29E00027EDE9 /* Sources */ = {
			isa = PBXSourcesBuildPhase;
			buildActionMask = 2147483647;
			files = (
				3710873A1ECE363C00A21229 /* ViewController.swift in Sources */,
				3790F26C1ECE29E00027EDE9 /* AppDelegate.swift in Sources */,
			);
			runOnlyForDeploymentPostprocessing = 0;
		};
/* End PBXSourcesBuildPhase section */

/* Begin PBXVariantGroup section */
		3790F26F1ECE29E10027EDE9 /* Main.storyboard */ = {
			isa = PBXVariantGroup;
			children = (
				3790F2701ECE29E10027EDE9 /* Base */,
			);
			name = Main.storyboard;
			sourceTree = "<group>";
		};
		3790F2741ECE29E10027EDE9 /* LaunchScreen.storyboard */ = {
			isa = PBXVariantGroup;
			children = (
				3790F2751ECE29E10027EDE9 /* Base */,
			);
			name = LaunchScreen.storyboard;
			sourceTree = "<group>";
		};
/* End PBXVariantGroup section */

/* Begin XCBuildConfiguration section */
		3790F2781ECE29E10027EDE9 /* Debug */ = {
			isa = XCBuildConfiguration;
			buildSettings = {
				ALWAYS_SEARCH_USER_PATHS = NO;
				CLANG_ANALYZER_NONNULL = YES;
				CLANG_ANALYZER_NUMBER_OBJECT_CONVERSION = YES_AGGRESSIVE;
				CLANG_CXX_LANGUAGE_STANDARD = "gnu++0x";
				CLANG_CXX_LIBRARY = "libc++";
				CLANG_ENABLE_MODULES = YES;
				CLANG_ENABLE_OBJC_ARC = YES;
				CLANG_WARN_BOOL_CONVERSION = YES;
				CLANG_WARN_CONSTANT_CONVERSION = YES;
				CLANG_WARN_DIRECT_OBJC_ISA_USAGE = YES_ERROR;
				CLANG_WARN_DOCUMENTATION_COMMENTS = YES;
				CLANG_WARN_EMPTY_BODY = YES;
				CLANG_WARN_ENUM_CONVERSION = YES;
				CLANG_WARN_INFINITE_RECURSION = YES;
				CLANG_WARN_INT_CONVERSION = YES;
				CLANG_WARN_OBJC_ROOT_CLASS = YES_ERROR;
				CLANG_WARN_SUSPICIOUS_MOVE = YES;
				CLANG_WARN_UNREACHABLE_CODE = YES;
				CLANG_WARN__DUPLICATE_METHOD_MATCH = YES;
				"CODE_SIGN_IDENTITY[sdk=iphoneos*]" = "iPhone Developer";
				COPY_PHASE_STRIP = NO;
				DEBUG_INFORMATION_FORMAT = dwarf;
				ENABLE_STRICT_OBJC_MSGSEND = YES;
				ENABLE_TESTABILITY = YES;
				GCC_C_LANGUAGE_STANDARD = gnu99;
				GCC_DYNAMIC_NO_PIC = NO;
				GCC_NO_COMMON_BLOCKS = YES;
				GCC_OPTIMIZATION_LEVEL = 0;
				GCC_PREPROCESSOR_DEFINITIONS = (
					"DEBUG=1",
					"$(inherited)",
				);
				GCC_WARN_64_TO_32_BIT_CONVERSION = YES;
				GCC_WARN_ABOUT_RETURN_TYPE = YES_ERROR;
				GCC_WARN_UNDECLARED_SELECTOR = YES;
				GCC_WARN_UNINITIALIZED_AUTOS = YES_AGGRESSIVE;
				GCC_WARN_UNUSED_FUNCTION = YES;
				GCC_WARN_UNUSED_VARIABLE = YES;
				IPHONEOS_DEPLOYMENT_TARGET = 10.3;
				MTL_ENABLE_DEBUG_INFO = YES;
				ONLY_ACTIVE_ARCH = YES;
				SDKROOT = iphoneos;
				SWIFT_ACTIVE_COMPILATION_CONDITIONS = DEBUG;
				SWIFT_OPTIMIZATION_LEVEL = "-Onone";
				TARGETED_DEVICE_FAMILY = "1,2";
			};
			name = Debug;
		};
		3790F2791ECE29E10027EDE9 /* Release */ = {
			isa = XCBuildConfiguration;
			buildSettings = {
				ALWAYS_SEARCH_USER_PATHS = NO;
				CLANG_ANALYZER_NONNULL = YES;
				CLANG_ANALYZER_NUMBER_OBJECT_CONVERSION = YES_AGGRESSIVE;
				CLANG_CXX_LANGUAGE_STANDARD = "gnu++0x";
				CLANG_CXX_LIBRARY = "libc++";
				CLANG_ENABLE_MODULES = YES;
				CLANG_ENABLE_OBJC_ARC = YES;
				CLANG_WARN_BOOL_CONVERSION = YES;
				CLANG_WARN_CONSTANT_CONVERSION = YES;
				CLANG_WARN_DIRECT_OBJC_ISA_USAGE = YES_ERROR;
				CLANG_WARN_DOCUMENTATION_COMMENTS = YES;
				CLANG_WARN_EMPTY_BODY = YES;
				CLANG_WARN_ENUM_CONVERSION = YES;
				CLANG_WARN_INFINITE_RECURSION = YES;
				CLANG_WARN_INT_CONVERSION = YES;
				CLANG_WARN_OBJC_ROOT_CLASS = YES_ERROR;
				CLANG_WARN_SUSPICIOUS_MOVE = YES;
				CLANG_WARN_UNREACHABLE_CODE = YES;
				CLANG_WARN__DUPLICATE_METHOD_MATCH = YES;
				"CODE_SIGN_IDENTITY[sdk=iphoneos*]" = "iPhone Developer";
				COPY_PHASE_STRIP = NO;
				DEBUG_INFORMATION_FORMAT = "dwarf-with-dsym";
				ENABLE_NS_ASSERTIONS = NO;
				ENABLE_STRICT_OBJC_MSGSEND = YES;
				GCC_C_LANGUAGE_STANDARD = gnu99;
				GCC_NO_COMMON_BLOCKS = YES;
				GCC_WARN_64_TO_32_BIT_CONVERSION = YES;
				GCC_WARN_ABOUT_RETURN_TYPE = YES_ERROR;
				GCC_WARN_UNDECLARED_SELECTOR = YES;
				GCC_WARN_UNINITIALIZED_AUTOS = YES_AGGRESSIVE;
				GCC_WARN_UNUSED_FUNCTION = YES;
				GCC_WARN_UNUSED_VARIABLE = YES;
				IPHONEOS_DEPLOYMENT_TARGET = 10.3;
				MTL_ENABLE_DEBUG_INFO = NO;
				SDKROOT = iphoneos;
				SWIFT_OPTIMIZATION_LEVEL = "-Owholemodule";
				TARGETED_DEVICE_FAMILY = "1,2";
				VALIDATE_PRODUCT = YES;
			};
			name = Release;
		};
		3790F27B1ECE29E10027EDE9 /* Debug */ = {
			isa = XCBuildConfiguration;
			buildSettings = {
				ASSETCATALOG_COMPILER_APPICON_NAME = AppIcon;
				INFOPLIST_FILE = emojidictionary/Info.plist;
				LD_RUNPATH_SEARCH_PATHS = "$(inherited) @executable_path/Frameworks";
				PRODUCT_BUNDLE_IDENTIFIER = io.tzits.emojidictionary;
				PRODUCT_NAME = "$(TARGET_NAME)";
				SWIFT_VERSION = 3.0;
			};
			name = Debug;
		};
		3790F27C1ECE29E10027EDE9 /* Release */ = {
			isa = XCBuildConfiguration;
			buildSettings = {
				ASSETCATALOG_COMPILER_APPICON_NAME = AppIcon;
				INFOPLIST_FILE = emojidictionary/Info.plist;
				LD_RUNPATH_SEARCH_PATHS = "$(inherited) @executable_path/Frameworks";
				PRODUCT_BUNDLE_IDENTIFIER = io.tzits.emojidictionary;
				PRODUCT_NAME = "$(TARGET_NAME)";
				SWIFT_VERSION = 3.0;
			};
			name = Release;
		};
/* End XCBuildConfiguration section */

/* Begin XCConfigurationList section */
		3790F2631ECE29E00027EDE9 /* Build configuration list for PBXProject "emojidictionary" */ = {
			isa = XCConfigurationList;
			buildConfigurations = (
				3790F2781ECE29E10027EDE9 /* Debug */,
				3790F2791ECE29E10027EDE9 /* Release */,
			);
			defaultConfigurationIsVisible = 0;
			defaultConfigurationName = Release;
		};
		3790F27A1ECE29E10027EDE9 /* Build configuration list for PBXNativeTarget "emojidictionary" */ = {
			isa = XCConfigurationList;
			buildConfigurations = (
				3790F27B1ECE29E10027EDE9 /* Debug */,
				3790F27C1ECE29E10027EDE9 /* Release */,
			);
			defaultConfigurationIsVisible = 0;
			defaultConfigurationName = Release;
		};
/* End XCConfigurationList section */
	};
	rootObject = 3790F2601ECE29E00027EDE9 /* Project object */;
}
